PODS:
  - FSCalendar (2.8.2)
  - RxSwift (6.1.0)

DEPENDENCIES:
  - FSCalendar
  - RxSwift

SPEC REPOS:
  trunk:
    - FSCalendar
    - RxSwift

SPEC CHECKSUMS:
  FSCalendar: e6a2eb9c571bf0719ed797ef807e08426753c241
  RxSwift: a834e5c538e89eca0cae86f403f4fbf0336786ce

PODFILE CHECKSUM: 0a81b374208842d59a1fc54ad1d26358942862b1

COCOAPODS: 1.10.1
