// !$*UTF8*$!
{
	archiveVersion = 1;
	classes = {
	};
	objectVersion = 50;
	objects = {

/* Begin PBXBuildFile section */
		76840A7026537FA900437272 /* AppDelegate.swift in Sources */ = {isa = PBXBuildFile; fileRef = 76840A6F26537FA900437272 /* AppDelegate.swift */; };
		76840A7226537FA900437272 /* SceneDelegate.swift in Sources */ = {isa = PBXBuildFile; fileRef = 76840A7126537FA900437272 /* SceneDelegate.swift */; };
		76840A7426537FA900437272 /* ViewController.swift in Sources */ = {isa = PBXBuildFile; fileRef = 76840A7326537FA900437272 /* ViewController.swift */; };
		76840A7726537FA900437272 /* Main.storyboard in Resources */ = {isa = PBXBuildFile; fileRef = 76840A7526537FA900437272 /* Main.storyboard */; };
		76840A7926537FAC00437272 /* Assets.xcassets in Resources */ = {isa = PBXBuildFile; fileRef = 76840A7826537FAC00437272 /* Assets.xcassets */; };
		76840A7C26537FAC00437272 /* LaunchScreen.storyboard in Resources */ = {isa = PBXBuildFile; fileRef = 76840A7A26537FAC00437272 /* LaunchScreen.storyboard */; };
		76840A8726537FAC00437272 /* AirbnbAppTests.swift in Sources */ = {isa = PBXBuildFile; fileRef = 76840A8626537FAC00437272 /* AirbnbAppTests.swift */; };
		76840A9226537FAC00437272 /* AirbnbAppUITests.swift in Sources */ = {isa = PBXBuildFile; fileRef = 76840A9126537FAC00437272 /* AirbnbAppUITests.swift */; };
/* End PBXBuildFile section */

/* Begin PBXContainerItemProxy section */
		76840A8326537FAC00437272 /* PBXContainerItemProxy */ = {
			isa = PBXContainerItemProxy;
			containerPortal = 76840A6426537FA900437272 /* Project object */;
			proxyType = 1;
			remoteGlobalIDString = 76840A6B26537FA900437272;
			remoteInfo = AirbnbApp;
		};
		76840A8E26537FAC00437272 /* PBXContainerItemProxy */ = {
			isa = PBXContainerItemProxy;
			containerPortal = 76840A6426537FA900437272 /* Project object */;
			proxyType = 1;
			remoteGlobalIDString = 76840A6B26537FA900437272;
			remoteInfo = AirbnbApp;
		};
/* End PBXContainerItemProxy section */

/* Begin PBXFileReference section */
		76840A6C26537FA900437272 /* AirbnbApp.app */ = {isa = PBXFileReference; explicitFileType = wrapper.application; includeInIndex = 0; path = AirbnbApp.app; sourceTree = BUILT_PRODUCTS_DIR; };
		76840A6F26537FA900437272 /* AppDelegate.swift */ = {isa = PBXFileReference; lastKnownFileType = sourcecode.swift; path = AppDelegate.swift; sourceTree = "<group>"; };
		76840A7126537FA900437272 /* SceneDelegate.swift */ = {isa = PBXFileReference; lastKnownFileType = sourcecode.swift; path = SceneDelegate.swift; sourceTree = "<group>"; };
		76840A7326537FA900437272 /* ViewController.swift */ = {isa = PBXFileReference; lastKnownFileType = sourcecode.swift; path = ViewController.swift; sourceTree = "<group>"; };
		76840A7626537FA900437272 /* Base */ = {isa = PBXFileReference; lastKnownFileType = file.storyboard; name = Base; path = Base.lproj/Main.storyboard; sourceTree = "<group>"; };
		76840A7826537FAC00437272 /* Assets.xcassets */ = {isa = PBXFileReference; lastKnownFileType = folder.assetcatalog; path = Assets.xcassets; sourceTree = "<group>"; };
		76840A7B26537FAC00437272 /* Base */ = {isa = PBXFileReference; lastKnownFileType = file.storyboard; name = Base; path = Base.lproj/LaunchScreen.storyboard; sourceTree = "<group>"; };
		76840A7D26537FAC00437272 /* Info.plist */ = {isa = PBXFileReference; lastKnownFileType = text.plist.xml; path = Info.plist; sourceTree = "<group>"; };
		76840A8226537FAC00437272 /* AirbnbAppTests.xctest */ = {isa = PBXFileReference; explicitFileType = wrapper.cfbundle; includeInIndex = 0; path = AirbnbAppTests.xctest; sourceTree = BUILT_PRODUCTS_DIR; };
		76840A8626537FAC00437272 /* AirbnbAppTests.swift */ = {isa = PBXFileReference; lastKnownFileType = sourcecode.swift; path = AirbnbAppTests.swift; sourceTree = "<group>"; };
		76840A8826537FAC00437272 /* Info.plist */ = {isa = PBXFileReference; lastKnownFileType = text.plist.xml; path = Info.plist; sourceTree = "<group>"; };
		76840A8D26537FAC00437272 /* AirbnbAppUITests.xctest */ = {isa = PBXFileReference; explicitFileType = wrapper.cfbundle; includeInIndex = 0; path = AirbnbAppUITests.xctest; sourceTree = BUILT_PRODUCTS_DIR; };
		76840A9126537FAC00437272 /* AirbnbAppUITests.swift */ = {isa = PBXFileReference; lastKnownFileType = sourcecode.swift; path = AirbnbAppUITests.swift; sourceTree = "<group>"; };
		76840A9326537FAC00437272 /* Info.plist */ = {isa = PBXFileReference; lastKnownFileType = text.plist.xml; path = Info.plist; sourceTree = "<group>"; };
/* End PBXFileReference section */

/* Begin PBXFrameworksBuildPhase section */
		76840A6926537FA900437272 /* Frameworks */ = {
			isa = PBXFrameworksBuildPhase;
			buildActionMask = 2147483647;
			files = (
			);
			runOnlyForDeploymentPostprocessing = 0;
		};
		76840A7F26537FAC00437272 /* Frameworks */ = {
			isa = PBXFrameworksBuildPhase;
			buildActionMask = 2147483647;
			files = (
			);
			runOnlyForDeploymentPostprocessing = 0;
		};
		76840A8A26537FAC00437272 /* Frameworks */ = {
			isa = PBXFrameworksBuildPhase;
			buildActionMask = 2147483647;
			files = (
			);
			runOnlyForDeploymentPostprocessing = 0;
		};
/* End PBXFrameworksBuildPhase section */

/* Begin PBXGroup section */
		76840A6326537FA900437272 = {
			isa = PBXGroup;
			children = (
				76840A6E26537FA900437272 /* AirbnbApp */,
				76840A8526537FAC00437272 /* AirbnbAppTests */,
				76840A9026537FAC00437272 /* AirbnbAppUITests */,
				76840A6D26537FA900437272 /* Products */,
			);
			sourceTree = "<group>";
		};
		76840A6D26537FA900437272 /* Products */ = {
			isa = PBXGroup;
			children = (
				76840A6C26537FA900437272 /* AirbnbApp.app */,
				76840A8226537FAC00437272 /* AirbnbAppTests.xctest */,
				76840A8D26537FAC00437272 /* AirbnbAppUITests.xctest */,
			);
			name = Products;
			sourceTree = "<group>";
		};
		76840A6E26537FA900437272 /* AirbnbApp */ = {
			isa = PBXGroup;
			children = (
				76840A6F26537FA900437272 /* AppDelegate.swift */,
				76840A7126537FA900437272 /* SceneDelegate.swift */,
				76840A7326537FA900437272 /* ViewController.swift */,
				76840A7526537FA900437272 /* Main.storyboard */,
				76840A7826537FAC00437272 /* Assets.xcassets */,
				76840A7A26537FAC00437272 /* LaunchScreen.storyboard */,
				76840A7D26537FAC00437272 /* Info.plist */,
			);
			path = AirbnbApp;
			sourceTree = "<group>";
		};
		76840A8526537FAC00437272 /* AirbnbAppTests */ = {
			isa = PBXGroup;
			children = (
				76840A8626537FAC00437272 /* AirbnbAppTests.swift */,
				76840A8826537FAC00437272 /* Info.plist */,
			);
			path = AirbnbAppTests;
			sourceTree = "<group>";
		};
		76840A9026537FAC00437272 /* AirbnbAppUITests */ = {
			isa = PBXGroup;
			children = (
				76840A9126537FAC00437272 /* AirbnbAppUITests.swift */,
				76840A9326537FAC00437272 /* Info.plist */,
			);
			path = AirbnbAppUITests;
			sourceTree = "<group>";
		};
/* End PBXGroup section */

/* Begin PBXNativeTarget section */
		76840A6B26537FA900437272 /* AirbnbApp */ = {
			isa = PBXNativeTarget;
			buildConfigurationList = 76840A9626537FAC00437272 /* Build configuration list for PBXNativeTarget "AirbnbApp" */;
			buildPhases = (
				76840A6826537FA900437272 /* Sources */,
				76840A6926537FA900437272 /* Frameworks */,
				76840A6A26537FA900437272 /* Resources */,
			);
			buildRules = (
			);
			dependencies = (
			);
			name = AirbnbApp;
			productName = AirbnbApp;
			productReference = 76840A6C26537FA900437272 /* AirbnbApp.app */;
			productType = "com.apple.product-type.application";
		};
		76840A8126537FAC00437272 /* AirbnbAppTests */ = {
			isa = PBXNativeTarget;
			buildConfigurationList = 76840A9926537FAC00437272 /* Build configuration list for PBXNativeTarget "AirbnbAppTests" */;
			buildPhases = (
				76840A7E26537FAC00437272 /* Sources */,
				76840A7F26537FAC00437272 /* Frameworks */,
				76840A8026537FAC00437272 /* Resources */,
			);
			buildRules = (
			);
			dependencies = (
				76840A8426537FAC00437272 /* PBXTargetDependency */,
			);
			name = AirbnbAppTests;
			productName = AirbnbAppTests;
			productReference = 76840A8226537FAC00437272 /* AirbnbAppTests.xctest */;
			productType = "com.apple.product-type.bundle.unit-test";
		};
		76840A8C26537FAC00437272 /* AirbnbAppUITests */ = {
			isa = PBXNativeTarget;
			buildConfigurationList = 76840A9C26537FAC00437272 /* Build configuration list for PBXNativeTarget "AirbnbAppUITests" */;
			buildPhases = (
				76840A8926537FAC00437272 /* Sources */,
				76840A8A26537FAC00437272 /* Frameworks */,
				76840A8B26537FAC00437272 /* Resources */,
			);
			buildRules = (
			);
			dependencies = (
				76840A8F26537FAC00437272 /* PBXTargetDependency */,
			);
			name = AirbnbAppUITests;
			productName = AirbnbAppUITests;
			productReference = 76840A8D26537FAC00437272 /* AirbnbAppUITests.xctest */;
			productType = "com.apple.product-type.bundle.ui-testing";
		};
/* End PBXNativeTarget section */

/* Begin PBXProject section */
		76840A6426537FA900437272 /* Project object */ = {
			isa = PBXProject;
			attributes = {
				LastSwiftUpdateCheck = 1250;
				LastUpgradeCheck = 1250;
				TargetAttributes = {
					76840A6B26537FA900437272 = {
						CreatedOnToolsVersion = 12.5;
					};
					76840A8126537FAC00437272 = {
						CreatedOnToolsVersion = 12.5;
						TestTargetID = 76840A6B26537FA900437272;
					};
					76840A8C26537FAC00437272 = {
						CreatedOnToolsVersion = 12.5;
						TestTargetID = 76840A6B26537FA900437272;
					};
				};
			};
			buildConfigurationList = 76840A6726537FA900437272 /* Build configuration list for PBXProject "AirbnbApp" */;
			compatibilityVersion = "Xcode 9.3";
			developmentRegion = en;
			hasScannedForEncodings = 0;
			knownRegions = (
				en,
				Base,
			);
			mainGroup = 76840A6326537FA900437272;
			productRefGroup = 76840A6D26537FA900437272 /* Products */;
			projectDirPath = "";
			projectRoot = "";
			targets = (
				76840A6B26537FA900437272 /* AirbnbApp */,
				76840A8126537FAC00437272 /* AirbnbAppTests */,
				76840A8C26537FAC00437272 /* AirbnbAppUITests */,
			);
		};
/* End PBXProject section */

/* Begin PBXResourcesBuildPhase section */
		76840A6A26537FA900437272 /* Resources */ = {
			isa = PBXResourcesBuildPhase;
			buildActionMask = 2147483647;
			files = (
				76840A7C26537FAC00437272 /* LaunchScreen.storyboard in Resources */,
				76840A7926537FAC00437272 /* Assets.xcassets in Resources */,
				76840A7726537FA900437272 /* Main.storyboard in Resources */,
			);
			runOnlyForDeploymentPostprocessing = 0;
		};
		76840A8026537FAC00437272 /* Resources */ = {
			isa = PBXResourcesBuildPhase;
			buildActionMask = 2147483647;
			files = (
			);
			runOnlyForDeploymentPostprocessing = 0;
		};
		76840A8B26537FAC00437272 /* Resources */ = {
			isa = PBXResourcesBuildPhase;
			buildActionMask = 2147483647;
			files = (
			);
			runOnlyForDeploymentPostprocessing = 0;
		};
/* End PBXResourcesBuildPhase section */

/* Begin PBXSourcesBuildPhase section */
		76840A6826537FA900437272 /* Sources */ = {
			isa = PBXSourcesBuildPhase;
			buildActionMask = 2147483647;
			files = (
				76840A7426537FA900437272 /* ViewController.swift in Sources */,
				76840A7026537FA900437272 /* AppDelegate.swift in Sources */,
				76840A7226537FA900437272 /* SceneDelegate.swift in Sources */,
			);
			runOnlyForDeploymentPostprocessing = 0;
		};
		76840A7E26537FAC00437272 /* Sources */ = {
			isa = PBXSourcesBuildPhase;
			buildActionMask = 2147483647;
			files = (
				76840A8726537FAC00437272 /* AirbnbAppTests.swift in Sources */,
			);
			runOnlyForDeploymentPostprocessing = 0;
		};
		76840A8926537FAC00437272 /* Sources */ = {
			isa = PBXSourcesBuildPhase;
			buildActionMask = 2147483647;
			files = (
				76840A9226537FAC00437272 /* AirbnbAppUITests.swift in Sources */,
			);
			runOnlyForDeploymentPostprocessing = 0;
		};
/* End PBXSourcesBuildPhase section */

/* Begin PBXTargetDependency section */
		76840A8426537FAC00437272 /* PBXTargetDependency */ = {
			isa = PBXTargetDependency;
			target = 76840A6B26537FA900437272 /* AirbnbApp */;
			targetProxy = 76840A8326537FAC00437272 /* PBXContainerItemProxy */;
		};
		76840A8F26537FAC00437272 /* PBXTargetDependency */ = {
			isa = PBXTargetDependency;
			target = 76840A6B26537FA900437272 /* AirbnbApp */;
			targetProxy = 76840A8E26537FAC00437272 /* PBXContainerItemProxy */;
		};
/* End PBXTargetDependency section */

/* Begin PBXVariantGroup section */
		76840A7526537FA900437272 /* Main.storyboard */ = {
			isa = PBXVariantGroup;
			children = (
				76840A7626537FA900437272 /* Base */,
			);
			name = Main.storyboard;
			sourceTree = "<group>";
		};
		76840A7A26537FAC00437272 /* LaunchScreen.storyboard */ = {
			isa = PBXVariantGroup;
			children = (
				76840A7B26537FAC00437272 /* Base */,
			);
			name = LaunchScreen.storyboard;
			sourceTree = "<group>";
		};
/* End PBXVariantGroup section */

/* Begin XCBuildConfiguration section */
		76840A9426537FAC00437272 /* Debug */ = {
			isa = XCBuildConfiguration;
			buildSettings = {
				ALWAYS_SEARCH_USER_PATHS = NO;
				CLANG_ANALYZER_NONNULL = YES;
				CLANG_ANALYZER_NUMBER_OBJECT_CONVERSION = YES_AGGRESSIVE;
				CLANG_CXX_LANGUAGE_STANDARD = "gnu++14";
				CLANG_CXX_LIBRARY = "libc++";
				CLANG_ENABLE_MODULES = YES;
				CLANG_ENABLE_OBJC_ARC = YES;
				CLANG_ENABLE_OBJC_WEAK = YES;
				CLANG_WARN_BLOCK_CAPTURE_AUTORELEASING = YES;
				CLANG_WARN_BOOL_CONVERSION = YES;
				CLANG_WARN_COMMA = YES;
				CLANG_WARN_CONSTANT_CONVERSION = YES;
				CLANG_WARN_DEPRECATED_OBJC_IMPLEMENTATIONS = YES;
				CLANG_WARN_DIRECT_OBJC_ISA_USAGE = YES_ERROR;
				CLANG_WARN_DOCUMENTATION_COMMENTS = YES;
				CLANG_WARN_EMPTY_BODY = YES;
				CLANG_WARN_ENUM_CONVERSION = YES;
				CLANG_WARN_INFINITE_RECURSION = YES;
				CLANG_WARN_INT_CONVERSION = YES;
				CLANG_WARN_NON_LITERAL_NULL_CONVERSION = YES;
				CLANG_WARN_OBJC_IMPLICIT_RETAIN_SELF = YES;
				CLANG_WARN_OBJC_LITERAL_CONVERSION = YES;
				CLANG_WARN_OBJC_ROOT_CLASS = YES_ERROR;
				CLANG_WARN_QUOTED_INCLUDE_IN_FRAMEWORK_HEADER = YES;
				CLANG_WARN_RANGE_LOOP_ANALYSIS = YES;
				CLANG_WARN_STRICT_PROTOTYPES = YES;
				CLANG_WARN_SUSPICIOUS_MOVE = YES;
				CLANG_WARN_UNGUARDED_AVAILABILITY = YES_AGGRESSIVE;
				CLANG_WARN_UNREACHABLE_CODE = YES;
				CLANG_WARN__DUPLICATE_METHOD_MATCH = YES;
				COPY_PHASE_STRIP = NO;
				DEBUG_INFORMATION_FORMAT = dwarf;
				ENABLE_STRICT_OBJC_MSGSEND = YES;
				ENABLE_TESTABILITY = YES;
				GCC_C_LANGUAGE_STANDARD = gnu11;
				GCC_DYNAMIC_NO_PIC = NO;
				GCC_NO_COMMON_BLOCKS = YES;
				GCC_OPTIMIZATION_LEVEL = 0;
				GCC_PREPROCESSOR_DEFINITIONS = (
					"DEBUG=1",
					"$(inherited)",
				);
				GCC_WARN_64_TO_32_BIT_CONVERSION = YES;
				GCC_WARN_ABOUT_RETURN_TYPE = YES_ERROR;
				GCC_WARN_UNDECLARED_SELECTOR = YES;
				GCC_WARN_UNINITIALIZED_AUTOS = YES_AGGRESSIVE;
				GCC_WARN_UNUSED_FUNCTION = YES;
				GCC_WARN_UNUSED_VARIABLE = YES;
				IPHONEOS_DEPLOYMENT_TARGET = 14.5;
				MTL_ENABLE_DEBUG_INFO = INCLUDE_SOURCE;
				MTL_FAST_MATH = YES;
				ONLY_ACTIVE_ARCH = YES;
				SDKROOT = iphoneos;
				SWIFT_ACTIVE_COMPILATION_CONDITIONS = DEBUG;
				SWIFT_OPTIMIZATION_LEVEL = "-Onone";
			};
			name = Debug;
		};
		76840A9526537FAC00437272 /* Release */ = {
			isa = XCBuildConfiguration;
			buildSettings = {
				ALWAYS_SEARCH_USER_PATHS = NO;
				CLANG_ANALYZER_NONNULL = YES;
				CLANG_ANALYZER_NUMBER_OBJECT_CONVERSION = YES_AGGRESSIVE;
				CLANG_CXX_LANGUAGE_STANDARD = "gnu++14";
				CLANG_CXX_LIBRARY = "libc++";
				CLANG_ENABLE_MODULES = YES;
				CLANG_ENABLE_OBJC_ARC = YES;
				CLANG_ENABLE_OBJC_WEAK = YES;
				CLANG_WARN_BLOCK_CAPTURE_AUTORELEASING = YES;
				CLANG_WARN_BOOL_CONVERSION = YES;
				CLANG_WARN_COMMA = YES;
				CLANG_WARN_CONSTANT_CONVERSION = YES;
				CLANG_WARN_DEPRECATED_OBJC_IMPLEMENTATIONS = YES;
				CLANG_WARN_DIRECT_OBJC_ISA_USAGE = YES_ERROR;
				CLANG_WARN_DOCUMENTATION_COMMENTS = YES;
				CLANG_WARN_EMPTY_BODY = YES;
				CLANG_WARN_ENUM_CONVERSION = YES;
				CLANG_WARN_INFINITE_RECURSION = YES;
				CLANG_WARN_INT_CONVERSION = YES;
				CLANG_WARN_NON_LITERAL_NULL_CONVERSION = YES;
				CLANG_WARN_OBJC_IMPLICIT_RETAIN_SELF = YES;
				CLANG_WARN_OBJC_LITERAL_CONVERSION = YES;
				CLANG_WARN_OBJC_ROOT_CLASS = YES_ERROR;
				CLANG_WARN_QUOTED_INCLUDE_IN_FRAMEWORK_HEADER = YES;
				CLANG_WARN_RANGE_LOOP_ANALYSIS = YES;
				CLANG_WARN_STRICT_PROTOTYPES = YES;
				CLANG_WARN_SUSPICIOUS_MOVE = YES;
				CLANG_WARN_UNGUARDED_AVAILABILITY = YES_AGGRESSIVE;
				CLANG_WARN_UNREACHABLE_CODE = YES;
				CLANG_WARN__DUPLICATE_METHOD_MATCH = YES;
				COPY_PHASE_STRIP = NO;
				DEBUG_INFORMATION_FORMAT = "dwarf-with-dsym";
				ENABLE_NS_ASSERTIONS = NO;
				ENABLE_STRICT_OBJC_MSGSEND = YES;
				GCC_C_LANGUAGE_STANDARD = gnu11;
				GCC_NO_COMMON_BLOCKS = YES;
				GCC_WARN_64_TO_32_BIT_CONVERSION = YES;
				GCC_WARN_ABOUT_RETURN_TYPE = YES_ERROR;
				GCC_WARN_UNDECLARED_SELECTOR = YES;
				GCC_WARN_UNINITIALIZED_AUTOS = YES_AGGRESSIVE;
				GCC_WARN_UNUSED_FUNCTION = YES;
				GCC_WARN_UNUSED_VARIABLE = YES;
				IPHONEOS_DEPLOYMENT_TARGET = 14.5;
				MTL_ENABLE_DEBUG_INFO = NO;
				MTL_FAST_MATH = YES;
				SDKROOT = iphoneos;
				SWIFT_COMPILATION_MODE = wholemodule;
				SWIFT_OPTIMIZATION_LEVEL = "-O";
				VALIDATE_PRODUCT = YES;
			};
			name = Release;
		};
		76840A9726537FAC00437272 /* Debug */ = {
			isa = XCBuildConfiguration;
			buildSettings = {
				ASSETCATALOG_COMPILER_APPICON_NAME = AppIcon;
				ASSETCATALOG_COMPILER_GLOBAL_ACCENT_COLOR_NAME = AccentColor;
				CODE_SIGN_STYLE = Automatic;
				DEVELOPMENT_TEAM = 7A464AFW63;
				INFOPLIST_FILE = AirbnbApp/Info.plist;
				LD_RUNPATH_SEARCH_PATHS = (
					"$(inherited)",
					"@executable_path/Frameworks",
				);
				PRODUCT_BUNDLE_IDENTIFIER = co.codesquad.AirbnbApp;
				PRODUCT_NAME = "$(TARGET_NAME)";
				SWIFT_VERSION = 5.0;
				TARGETED_DEVICE_FAMILY = "1,2";
			};
			name = Debug;
		};
		76840A9826537FAC00437272 /* Release */ = {
			isa = XCBuildConfiguration;
			buildSettings = {
				ASSETCATALOG_COMPILER_APPICON_NAME = AppIcon;
				ASSETCATALOG_COMPILER_GLOBAL_ACCENT_COLOR_NAME = AccentColor;
				CODE_SIGN_STYLE = Automatic;
				DEVELOPMENT_TEAM = 7A464AFW63;
				INFOPLIST_FILE = AirbnbApp/Info.plist;
				LD_RUNPATH_SEARCH_PATHS = (
					"$(inherited)",
					"@executable_path/Frameworks",
				);
				PRODUCT_BUNDLE_IDENTIFIER = co.codesquad.AirbnbApp;
				PRODUCT_NAME = "$(TARGET_NAME)";
				SWIFT_VERSION = 5.0;
				TARGETED_DEVICE_FAMILY = "1,2";
			};
			name = Release;
		};
		76840A9A26537FAC00437272 /* Debug */ = {
			isa = XCBuildConfiguration;
			buildSettings = {
				ALWAYS_EMBED_SWIFT_STANDARD_LIBRARIES = YES;
				BUNDLE_LOADER = "$(TEST_HOST)";
				CODE_SIGN_STYLE = Automatic;
				DEVELOPMENT_TEAM = 7A464AFW63;
				INFOPLIST_FILE = AirbnbAppTests/Info.plist;
				IPHONEOS_DEPLOYMENT_TARGET = 14.5;
				LD_RUNPATH_SEARCH_PATHS = (
					"$(inherited)",
					"@executable_path/Frameworks",
					"@loader_path/Frameworks",
				);
				PRODUCT_BUNDLE_IDENTIFIER = co.codesquad.AirbnbAppTests;
				PRODUCT_NAME = "$(TARGET_NAME)";
				SWIFT_VERSION = 5.0;
				TARGETED_DEVICE_FAMILY = "1,2";
				TEST_HOST = "$(BUILT_PRODUCTS_DIR)/AirbnbApp.app/AirbnbApp";
			};
			name = Debug;
		};
		76840A9B26537FAC00437272 /* Release */ = {
			isa = XCBuildConfiguration;
			buildSettings = {
				ALWAYS_EMBED_SWIFT_STANDARD_LIBRARIES = YES;
				BUNDLE_LOADER = "$(TEST_HOST)";
				CODE_SIGN_STYLE = Automatic;
				DEVELOPMENT_TEAM = 7A464AFW63;
				INFOPLIST_FILE = AirbnbAppTests/Info.plist;
				IPHONEOS_DEPLOYMENT_TARGET = 14.5;
				LD_RUNPATH_SEARCH_PATHS = (
					"$(inherited)",
					"@executable_path/Frameworks",
					"@loader_path/Frameworks",
				);
				PRODUCT_BUNDLE_IDENTIFIER = co.codesquad.AirbnbAppTests;
				PRODUCT_NAME = "$(TARGET_NAME)";
				SWIFT_VERSION = 5.0;
				TARGETED_DEVICE_FAMILY = "1,2";
				TEST_HOST = "$(BUILT_PRODUCTS_DIR)/AirbnbApp.app/AirbnbApp";
			};
			name = Release;
		};
		76840A9D26537FAC00437272 /* Debug */ = {
			isa = XCBuildConfiguration;
			buildSettings = {
				ALWAYS_EMBED_SWIFT_STANDARD_LIBRARIES = YES;
				CODE_SIGN_STYLE = Automatic;
				DEVELOPMENT_TEAM = 7A464AFW63;
				INFOPLIST_FILE = AirbnbAppUITests/Info.plist;
				LD_RUNPATH_SEARCH_PATHS = (
					"$(inherited)",
					"@executable_path/Frameworks",
					"@loader_path/Frameworks",
				);
				PRODUCT_BUNDLE_IDENTIFIER = co.codesquad.AirbnbAppUITests;
				PRODUCT_NAME = "$(TARGET_NAME)";
				SWIFT_VERSION = 5.0;
				TARGETED_DEVICE_FAMILY = "1,2";
				TEST_TARGET_NAME = AirbnbApp;
			};
			name = Debug;
		};
		76840A9E26537FAC00437272 /* Release */ = {
			isa = XCBuildConfiguration;
			buildSettings = {
				ALWAYS_EMBED_SWIFT_STANDARD_LIBRARIES = YES;
				CODE_SIGN_STYLE = Automatic;
				DEVELOPMENT_TEAM = 7A464AFW63;
				INFOPLIST_FILE = AirbnbAppUITests/Info.plist;
				LD_RUNPATH_SEARCH_PATHS = (
					"$(inherited)",
					"@executable_path/Frameworks",
					"@loader_path/Frameworks",
				);
				PRODUCT_BUNDLE_IDENTIFIER = co.codesquad.AirbnbAppUITests;
				PRODUCT_NAME = "$(TARGET_NAME)";
				SWIFT_VERSION = 5.0;
				TARGETED_DEVICE_FAMILY = "1,2";
				TEST_TARGET_NAME = AirbnbApp;
			};
			name = Release;
		};
/* End XCBuildConfiguration section */

/* Begin XCConfigurationList section */
		76840A6726537FA900437272 /* Build configuration list for PBXProject "AirbnbApp" */ = {
			isa = XCConfigurationList;
			buildConfigurations = (
				76840A9426537FAC00437272 /* Debug */,
				76840A9526537FAC00437272 /* Release */,
			);
			defaultConfigurationIsVisible = 0;
			defaultConfigurationName = Release;
		};
		76840A9626537FAC00437272 /* Build configuration list for PBXNativeTarget "AirbnbApp" */ = {
			isa = XCConfigurationList;
			buildConfigurations = (
				76840A9726537FAC00437272 /* Debug */,
				76840A9826537FAC00437272 /* Release */,
			);
			defaultConfigurationIsVisible = 0;
			defaultConfigurationName = Release;
		};
		76840A9926537FAC00437272 /* Build configuration list for PBXNativeTarget "AirbnbAppTests" */ = {
			isa = XCConfigurationList;
			buildConfigurations = (
				76840A9A26537FAC00437272 /* Debug */,
				76840A9B26537FAC00437272 /* Release */,
			);
			defaultConfigurationIsVisible = 0;
			defaultConfigurationName = Release;
		};
		76840A9C26537FAC00437272 /* Build configuration list for PBXNativeTarget "AirbnbAppUITests" */ = {
			isa = XCConfigurationList;
			buildConfigurations = (
				76840A9D26537FAC00437272 /* Debug */,
				76840A9E26537FAC00437272 /* Release */,
			);
			defaultConfigurationIsVisible = 0;
			defaultConfigurationName = Release;
		};
/* End XCConfigurationList section */
	};
	rootObject = 76840A6426537FA900437272 /* Project object */;
}
